
Microsoft Visual Studio Solution File, Format Version 12.00
# Visual Studio Version 17
VisualStudioVersion = 17.4.33122.133
MinimumVisualStudioVersion = 10.0.40219.1
Project("{8BC9CEB8-8B4A-11D0-8D11-00A0C91BC942}") = "ParsingTextInput", "ParsingTextInput\ParsingTextInput.vcxproj", "{ED99AFA4-1C38-41B8-AFFF-2CD1F4A87015}"
EndProject
Global
	GlobalSection(SolutionConfigurationPlatforms) = preSolution
		Debug|x64 = Debug|x64
		Debug|x86 = Debug|x86
		Release|x64 = Release|x64
		Release|x86 = Release|x86
	EndGlobalSection
	GlobalSection(ProjectConfigurationPlatforms) = postSolution
		{ED99AFA4-1C38-41B8-AFFF-2CD1F4A87015}.Debug|x64.ActiveCfg = Debug|x64
		{ED99AFA4-1C38-41B8-AFFF-2CD1F4A87015}.Debug|x64.Build.0 = Debug|x64
		{ED99AFA4-1C38-41B8-AFFF-2CD1F4A87015}.Debug|x86.ActiveCfg = Debug|Win32
		{ED99AFA4-1C38-41B8-AFFF-2CD1F4A87015}.Debug|x86.Build.0 = Debug|Win32
		{ED99AFA4-1C38-41B8-AFFF-2CD1F4A87015}.Release|x64.ActiveCfg = Release|x64
		{ED99AFA4-1C38-41B8-AFFF-2CD1F4A87015}.Release|x64.Build.0 = Release|x64
		{ED99AFA4-1C38-41B8-AFFF-2CD1F4A87015}.Release|x86.ActiveCfg = Release|Win32
		{ED99AFA4-1C38-41B8-AFFF-2CD1F4A87015}.Release|x86.Build.0 = Release|Win32
	EndGlobalSection
	GlobalSection(SolutionProperties) = preSolution
		HideSolutionNode = FALSE
	EndGlobalSection
	GlobalSection(ExtensibilityGlobals) = postSolution
		SolutionGuid = {02CBD44F-832B-4922-BADD-F139234FCF21}
	EndGlobalSection
EndGlobal
